
Microsoft Visual Studio Solution File, Format Version 12.00
# Visual Studio Version 17
VisualStudioVersion = 17.10.34928.147
MinimumVisualStudioVersion = 10.0.40219.1
Project("{9A19103F-16F7-4668-BE54-9A1E7A4F7556}") = "Daily-Diary", "Daily-Diary\Daily-Diary.csproj", "{04B69BE2-E6B8-41C4-9603-C4D08FCD7766}"
EndProject
Project("{FAE04EC0-301F-11D3-BF4B-00C04F79EFBC}") = "DiaryManagerTests", "DiaryManagerTests\DiaryManagerTests.csproj", "{B76AE7B2-F7E0-47C5-B739-3058190D1C75}"
EndProject
Global
	GlobalSection(SolutionConfigurationPlatforms) = preSolution
		Debug|Any CPU = Debug|Any CPU
		Release|Any CPU = Release|Any CPU
	EndGlobalSection
	GlobalSection(ProjectConfigurationPlatforms) = postSolution
		{04B69BE2-E6B8-41C4-9603-C4D08FCD7766}.Debug|Any CPU.ActiveCfg = Debug|Any CPU
		{04B69BE2-E6B8-41C4-9603-C4D08FCD7766}.Debug|Any CPU.Build.0 = Debug|Any CPU
		{04B69BE2-E6B8-41C4-9603-C4D08FCD7766}.Release|Any CPU.ActiveCfg = Release|Any CPU
		{04B69BE2-E6B8-41C4-9603-C4D08FCD7766}.Release|Any CPU.Build.0 = Release|Any CPU
		{B76AE7B2-F7E0-47C5-B739-3058190D1C75}.Debug|Any CPU.ActiveCfg = Debug|Any CPU
		{B76AE7B2-F7E0-47C5-B739-3058190D1C75}.Debug|Any CPU.Build.0 = Debug|Any CPU
		{B76AE7B2-F7E0-47C5-B739-3058190D1C75}.Release|Any CPU.ActiveCfg = Release|Any CPU
		{B76AE7B2-F7E0-47C5-B739-3058190D1C75}.Release|Any CPU.Build.0 = Release|Any CPU
	EndGlobalSection
	GlobalSection(SolutionProperties) = preSolution
		HideSolutionNode = FALSE
	EndGlobalSection
	GlobalSection(ExtensibilityGlobals) = postSolution
		SolutionGuid = {8B51D0F4-7A8B-4A38-B091-BDB702DA319D}
	EndGlobalSection
EndGlobal
